
Microsoft Visual Studio Solution File, Format Version 12.00
# Visual Studio 15
Project("{FAE04EC0-301F-11D3-BF4B-00C04F79EFBC}") = "Library", "LibraryMac\Library.csproj", "{ED89AE47-97C5-41F6-9A9F-1EDF5571990D}"
EndProject
Project("{FAE04EC0-301F-11D3-BF4B-00C04F79EFBC}") = "LibraryTests", "LibraryTests\LibraryTests.csproj", "{B9480A0F-B571-44FC-9012-59718E91F7A5}"
EndProject
Global
	GlobalSection(SolutionConfigurationPlatforms) = preSolution
		Debug|Any CPU = Debug|Any CPU
		Release|Any CPU = Release|Any CPU
	EndGlobalSection
	GlobalSection(ProjectConfigurationPlatforms) = postSolution
		{ED89AE47-97C5-41F6-9A9F-1EDF5571990D}.Debug|Any CPU.ActiveCfg = Debug|Any CPU
		{ED89AE47-97C5-41F6-9A9F-1EDF5571990D}.Debug|Any CPU.Build.0 = Debug|Any CPU
		{ED89AE47-97C5-41F6-9A9F-1EDF5571990D}.Release|Any CPU.ActiveCfg = Release|Any CPU
		{ED89AE47-97C5-41F6-9A9F-1EDF5571990D}.Release|Any CPU.Build.0 = Release|Any CPU
		{B9480A0F-B571-44FC-9012-59718E91F7A5}.Debug|Any CPU.ActiveCfg = Debug|Any CPU
		{B9480A0F-B571-44FC-9012-59718E91F7A5}.Debug|Any CPU.Build.0 = Debug|Any CPU
		{B9480A0F-B571-44FC-9012-59718E91F7A5}.Release|Any CPU.ActiveCfg = Release|Any CPU
		{B9480A0F-B571-44FC-9012-59718E91F7A5}.Release|Any CPU.Build.0 = Release|Any CPU
	EndGlobalSection
EndGlobal
