
Microsoft Visual Studio Solution File, Format Version 12.00
# Visual Studio 15
VisualStudioVersion = 15.0.28307.136
MinimumVisualStudioVersion = 10.0.40219.1
Project("{FAE04EC0-301F-11D3-BF4B-00C04F79EFBC}") = "LibrarySolution", "LibrarySolution\LibrarySolution.csproj", "{6C40B130-B745-404C-9928-7A396A026C2E}"
EndProject
Project("{FAE04EC0-301F-11D3-BF4B-00C04F79EFBC}") = "LibraryTests", "LibraryTests\LibraryTests.csproj", "{846FD3E8-EEC7-4AD9-8BD0-0F6F85A69EA7}"
EndProject
Project("{FAE04EC0-301F-11D3-BF4B-00C04F79EFBC}") = "WpfLibrary", "WpfLibrary\WpfLibrary.csproj", "{1A991E82-83B4-4031-A1D5-7AC262BF44DB}"
EndProject
Global
	GlobalSection(SolutionConfigurationPlatforms) = preSolution
		Debug|Any CPU = Debug|Any CPU
		Release|Any CPU = Release|Any CPU
	EndGlobalSection
	GlobalSection(ProjectConfigurationPlatforms) = postSolution
		{6C40B130-B745-404C-9928-7A396A026C2E}.Debug|Any CPU.ActiveCfg = Debug|Any CPU
		{6C40B130-B745-404C-9928-7A396A026C2E}.Debug|Any CPU.Build.0 = Debug|Any CPU
		{6C40B130-B745-404C-9928-7A396A026C2E}.Release|Any CPU.ActiveCfg = Release|Any CPU
		{6C40B130-B745-404C-9928-7A396A026C2E}.Release|Any CPU.Build.0 = Release|Any CPU
		{846FD3E8-EEC7-4AD9-8BD0-0F6F85A69EA7}.Debug|Any CPU.ActiveCfg = Debug|Any CPU
		{846FD3E8-EEC7-4AD9-8BD0-0F6F85A69EA7}.Debug|Any CPU.Build.0 = Debug|Any CPU
		{846FD3E8-EEC7-4AD9-8BD0-0F6F85A69EA7}.Release|Any CPU.ActiveCfg = Release|Any CPU
		{846FD3E8-EEC7-4AD9-8BD0-0F6F85A69EA7}.Release|Any CPU.Build.0 = Release|Any CPU
		{1A991E82-83B4-4031-A1D5-7AC262BF44DB}.Debug|Any CPU.ActiveCfg = Debug|Any CPU
		{1A991E82-83B4-4031-A1D5-7AC262BF44DB}.Debug|Any CPU.Build.0 = Debug|Any CPU
		{1A991E82-83B4-4031-A1D5-7AC262BF44DB}.Release|Any CPU.ActiveCfg = Release|Any CPU
		{1A991E82-83B4-4031-A1D5-7AC262BF44DB}.Release|Any CPU.Build.0 = Release|Any CPU
	EndGlobalSection
	GlobalSection(SolutionProperties) = preSolution
		HideSolutionNode = FALSE
	EndGlobalSection
	GlobalSection(ExtensibilityGlobals) = postSolution
		SolutionGuid = {ADB1D4CF-1DF8-4724-98F0-35B69542B0B5}
	EndGlobalSection
EndGlobal
